
Microsoft Visual Studio Solution File, Format Version 12.00
# Visual Studio Version 16
VisualStudioVersion = 16.0.30320.27
MinimumVisualStudioVersion = 10.0.40219.1
Project("{FAE04EC0-301F-11D3-BF4B-00C04F79EFBC}") = "WorkshopService", "WorkshopService\WorkshopService.csproj", "{D07F60AB-3768-4183-8A05-174F28DA19ED}"
EndProject
Project("{FAE04EC0-301F-11D3-BF4B-00C04F79EFBC}") = "WorkshopFrontEnd", "WorkshopFrontEnd\WorkshopFrontEnd.csproj", "{9A4CEFC8-EEC8-4A33-98C9-47188EE4AC69}"
EndProject
Global
	GlobalSection(SolutionConfigurationPlatforms) = preSolution
		Debug|Any CPU = Debug|Any CPU
		Release|Any CPU = Release|Any CPU
	EndGlobalSection
	GlobalSection(ProjectConfigurationPlatforms) = postSolution
		{D07F60AB-3768-4183-8A05-174F28DA19ED}.Debug|Any CPU.ActiveCfg = Debug|Any CPU
		{D07F60AB-3768-4183-8A05-174F28DA19ED}.Debug|Any CPU.Build.0 = Debug|Any CPU
		{D07F60AB-3768-4183-8A05-174F28DA19ED}.Release|Any CPU.ActiveCfg = Release|Any CPU
		{D07F60AB-3768-4183-8A05-174F28DA19ED}.Release|Any CPU.Build.0 = Release|Any CPU
		{9A4CEFC8-EEC8-4A33-98C9-47188EE4AC69}.Debug|Any CPU.ActiveCfg = Debug|Any CPU
		{9A4CEFC8-EEC8-4A33-98C9-47188EE4AC69}.Debug|Any CPU.Build.0 = Debug|Any CPU
		{9A4CEFC8-EEC8-4A33-98C9-47188EE4AC69}.Release|Any CPU.ActiveCfg = Release|Any CPU
		{9A4CEFC8-EEC8-4A33-98C9-47188EE4AC69}.Release|Any CPU.Build.0 = Release|Any CPU
	EndGlobalSection
	GlobalSection(SolutionProperties) = preSolution
		HideSolutionNode = FALSE
	EndGlobalSection
	GlobalSection(ExtensibilityGlobals) = postSolution
		SolutionGuid = {388928B4-0647-44AF-98D0-E8747067547D}
	EndGlobalSection
EndGlobal
